
Microsoft Visual Studio Solution File, Format Version 12.00
# Visual Studio 15
Project("{FAE04EC0-301F-11D3-BF4B-00C04F79EFBC}") = "UnityEngine.TestRunner", "UnityEngine.TestRunner.csproj", "{4DF9861D-47D7-6183-B864-02F92D49AA72}"
EndProject
Project("{FAE04EC0-301F-11D3-BF4B-00C04F79EFBC}") = "Unity.Mathematics", "Unity.Mathematics.csproj", "{245883DC-D7DE-0FBB-B51D-5693A75F94F5}"
EndProject
Project("{FAE04EC0-301F-11D3-BF4B-00C04F79EFBC}") = "Unity.2D.Animation.Triangle.Runtime", "Unity.2D.Animation.Triangle.Runtime.csproj", "{65F8CF5A-9421-39FE-F340-25BCD99588B6}"
EndProject
Project("{FAE04EC0-301F-11D3-BF4B-00C04F79EFBC}") = "Unity.Timeline", "Unity.Timeline.csproj", "{A1D6CB63-1901-7FC6-4F9F-65E3B1112412}"
EndProject
Project("{FAE04EC0-301F-11D3-BF4B-00C04F79EFBC}") = "UnityEngine.UI", "UnityEngine.UI.csproj", "{11CD4B29-5F80-BC04-A537-073FBD6897EB}"
EndProject
Project("{FAE04EC0-301F-11D3-BF4B-00C04F79EFBC}") = "Unity.TextMeshPro", "Unity.TextMeshPro.csproj", "{C98A9CAC-1FD7-EA75-415F-A2833EEDCBB8}"
EndProject
Project("{FAE04EC0-301F-11D3-BF4B-00C04F79EFBC}") = "Unity.2D.Animation.Runtime", "Unity.2D.Animation.Runtime.csproj", "{22BEACE9-E9B9-E185-A799-D94F06F046D0}"
EndProject
Project("{FAE04EC0-301F-11D3-BF4B-00C04F79EFBC}") = "Unity.2D.IK.Runtime", "Unity.2D.IK.Runtime.csproj", "{506D70BE-C965-B28C-A529-9477BD60746F}"
EndProject
Project("{FAE04EC0-301F-11D3-BF4B-00C04F79EFBC}") = "Unity.2D.SpriteShape.Runtime", "Unity.2D.SpriteShape.Runtime.csproj", "{03FF8097-2174-95C8-8089-4EC4FFBF6725}"
EndProject
Project("{FAE04EC0-301F-11D3-BF4B-00C04F79EFBC}") = "Unity.2D.PixelPerfect", "Unity.2D.PixelPerfect.csproj", "{F80FA683-4A50-94CB-206F-C871AB45D335}"
EndProject
Project("{FAE04EC0-301F-11D3-BF4B-00C04F79EFBC}") = "Unity.2D.Common.Runtime", "Unity.2D.Common.Runtime.csproj", "{BBB9AF8B-F226-5EA1-D91C-AF5DA3680070}"
EndProject
Project("{FAE04EC0-301F-11D3-BF4B-00C04F79EFBC}") = "Unity.InternalAPIEngineBridge.001", "Unity.InternalAPIEngineBridge.001.csproj", "{DCD314FD-2AB5-47C6-2E9B-D36AAF1EFDBC}"
EndProject
Project("{FAE04EC0-301F-11D3-BF4B-00C04F79EFBC}") = "UnityEditor.TestRunner", "UnityEditor.TestRunner.csproj", "{7DE643C2-6EDA-F65D-74CE-B2222BFDD92D}"
EndProject
Project("{FAE04EC0-301F-11D3-BF4B-00C04F79EFBC}") = "Unity.PlasticSCM.Editor", "Unity.PlasticSCM.Editor.csproj", "{FD71F142-54DE-21AD-5104-31D5FAED3B68}"
EndProject
Project("{FAE04EC0-301F-11D3-BF4B-00C04F79EFBC}") = "UnityEditor.UI", "UnityEditor.UI.csproj", "{0B303CCD-F3D8-B307-23B7-36234509646B}"
EndProject
Project("{FAE04EC0-301F-11D3-BF4B-00C04F79EFBC}") = "Unity.Timeline.Editor", "Unity.Timeline.Editor.csproj", "{CD1155DD-732F-A8BD-1A09-4EF9385F0101}"
EndProject
Project("{FAE04EC0-301F-11D3-BF4B-00C04F79EFBC}") = "Unity.VisualStudio.Editor", "Unity.VisualStudio.Editor.csproj", "{C49AC614-1E01-1551-B96D-1CA90EB8CE26}"
EndProject
Project("{FAE04EC0-301F-11D3-BF4B-00C04F79EFBC}") = "Unity.2D.Psdimporter.Editor", "Unity.2D.Psdimporter.Editor.csproj", "{DF41A2DD-4657-3B30-F06C-C3A4649E4385}"
EndProject
Project("{FAE04EC0-301F-11D3-BF4B-00C04F79EFBC}") = "Unity.2D.Animation.Editor", "Unity.2D.Animation.Editor.csproj", "{38D68C49-D94D-23F7-603C-7A97360477BF}"
EndProject
Project("{FAE04EC0-301F-11D3-BF4B-00C04F79EFBC}") = "Unity.TextMeshPro.Editor", "Unity.TextMeshPro.Editor.csproj", "{996056A6-55F7-6B7D-933D-F96FF0543F7C}"
EndProject
Project("{FAE04EC0-301F-11D3-BF4B-00C04F79EFBC}") = "Unity.2D.SpriteShape.Editor", "Unity.2D.SpriteShape.Editor.csproj", "{2156FBE6-64E0-3B8E-A876-3AD8F1331E4F}"
EndProject
Project("{FAE04EC0-301F-11D3-BF4B-00C04F79EFBC}") = "Unity.CollabProxy.Editor", "Unity.CollabProxy.Editor.csproj", "{35957F64-794E-1BD7-D932-894C32C90446}"
EndProject
Project("{FAE04EC0-301F-11D3-BF4B-00C04F79EFBC}") = "PsdPlugin", "PsdPlugin.csproj", "{368E4955-AC20-000D-3CF7-10C0D7DF44ED}"
EndProject
Project("{FAE04EC0-301F-11D3-BF4B-00C04F79EFBC}") = "Unity.2D.Path.Editor", "Unity.2D.Path.Editor.csproj", "{056C8C1F-8772-41F3-29F7-16A4C24696EF}"
EndProject
Project("{FAE04EC0-301F-11D3-BF4B-00C04F79EFBC}") = "Unity.Rider.Editor", "Unity.Rider.Editor.csproj", "{8459E18A-D705-C537-6972-055C75CDF11F}"
EndProject
Project("{FAE04EC0-301F-11D3-BF4B-00C04F79EFBC}") = "Unity.2D.IK.Editor", "Unity.2D.IK.Editor.csproj", "{641A245E-7E4E-5D49-0464-B9B2B8F75326}"
EndProject
Project("{FAE04EC0-301F-11D3-BF4B-00C04F79EFBC}") = "Unity.2D.Sprite.Editor", "Unity.2D.Sprite.Editor.csproj", "{AD5B0F14-1669-2F60-E6FE-30D1F7D16AE5}"
EndProject
Project("{FAE04EC0-301F-11D3-BF4B-00C04F79EFBC}") = "Unity.2D.Tilemap.Editor", "Unity.2D.Tilemap.Editor.csproj", "{19B937D9-D683-281C-E92C-A674C94AF539}"
EndProject
Project("{FAE04EC0-301F-11D3-BF4B-00C04F79EFBC}") = "Unity.2D.PixelPerfect.Editor", "Unity.2D.PixelPerfect.Editor.csproj", "{CFD514D7-0EBF-A4F4-E183-7A316C7291AC}"
EndProject
Project("{FAE04EC0-301F-11D3-BF4B-00C04F79EFBC}") = "Unity.VSCode.Editor", "Unity.VSCode.Editor.csproj", "{D3284E47-CB0B-D6F6-95A5-F45BE8E60EE6}"
EndProject
Project("{FAE04EC0-301F-11D3-BF4B-00C04F79EFBC}") = "Unity.2D.Common.Editor", "Unity.2D.Common.Editor.csproj", "{3DBF9518-6E1B-5E85-5494-5136BA3DAA6E}"
EndProject
Project("{FAE04EC0-301F-11D3-BF4B-00C04F79EFBC}") = "Unity.Mathematics.Editor", "Unity.Mathematics.Editor.csproj", "{0237E295-3A1A-DEAC-A36E-EC07B7C99E86}"
EndProject
Project("{FAE04EC0-301F-11D3-BF4B-00C04F79EFBC}") = "Unity.InternalAPIEditorBridge.001", "Unity.InternalAPIEditorBridge.001.csproj", "{E030620F-3CF6-7B7B-FC41-B41072EC6E1A}"
EndProject
Project("{FAE04EC0-301F-11D3-BF4B-00C04F79EFBC}") = "UnityEngine.TestRunner", "UnityEngine.TestRunner.Player.csproj", "{6438D809-6894-C624-4D9E-190147EDBE4E}"
EndProject
Project("{FAE04EC0-301F-11D3-BF4B-00C04F79EFBC}") = "Unity.Mathematics", "Unity.Mathematics.Player.csproj", "{58AD216C-9E37-A997-71C9-82BB68C67747}"
EndProject
Project("{FAE04EC0-301F-11D3-BF4B-00C04F79EFBC}") = "Unity.2D.Animation.Triangle.Runtime", "Unity.2D.Animation.Triangle.Runtime.Player.csproj", "{00EDC8A1-BFE2-C2D9-89A2-7AF1CC232575}"
EndProject
Project("{FAE04EC0-301F-11D3-BF4B-00C04F79EFBC}") = "Unity.Timeline", "Unity.Timeline.Player.csproj", "{DE0539FE-7A9F-C5C5-C86E-630D9E710F16}"
EndProject
Project("{FAE04EC0-301F-11D3-BF4B-00C04F79EFBC}") = "UnityEngine.UI", "UnityEngine.UI.Player.csproj", "{A068B05E-15A2-D294-A504-510753D7BD3A}"
EndProject
Project("{FAE04EC0-301F-11D3-BF4B-00C04F79EFBC}") = "Unity.TextMeshPro", "Unity.TextMeshPro.Player.csproj", "{C7714582-087A-5E01-7B04-CE14BDED98CA}"
EndProject
Project("{FAE04EC0-301F-11D3-BF4B-00C04F79EFBC}") = "Unity.2D.Animation.Runtime", "Unity.2D.Animation.Runtime.Player.csproj", "{6597FCB6-EF02-E423-B064-457C1390191A}"
EndProject
Project("{FAE04EC0-301F-11D3-BF4B-00C04F79EFBC}") = "Unity.2D.IK.Runtime", "Unity.2D.IK.Runtime.Player.csproj", "{1A632FD7-D8AD-BD19-9187-96605966EAAD}"
EndProject
Project("{FAE04EC0-301F-11D3-BF4B-00C04F79EFBC}") = "Unity.2D.SpriteShape.Runtime", "Unity.2D.SpriteShape.Runtime.Player.csproj", "{B60E360E-1478-BFBD-7C36-63DEF9CB34E1}"
EndProject
Project("{FAE04EC0-301F-11D3-BF4B-00C04F79EFBC}") = "Unity.2D.PixelPerfect", "Unity.2D.PixelPerfect.Player.csproj", "{4BA3D541-51FC-96C6-E5D0-901A5CB0D5CC}"
EndProject
Project("{FAE04EC0-301F-11D3-BF4B-00C04F79EFBC}") = "Unity.2D.Common.Runtime", "Unity.2D.Common.Runtime.Player.csproj", "{622C0F63-F34B-81F5-8932-398D6FEB3CFA}"
EndProject
Project("{FAE04EC0-301F-11D3-BF4B-00C04F79EFBC}") = "Unity.InternalAPIEngineBridge.001", "Unity.InternalAPIEngineBridge.001.Player.csproj", "{FE0F160F-A00D-13EE-87EC-BB97E8624E3E}"
EndProject
Global
	GlobalSection(SolutionConfigurationPlatforms) = preSolution
		Debug|Any CPU = Debug|Any CPU
		Release|Any CPU = Release|Any CPU
	EndGlobalSection
	GlobalSection(ProjectConfigurationPlatforms) = postSolution
		{4DF9861D-47D7-6183-B864-02F92D49AA72}.Debug|Any CPU.ActiveCfg = Debug|Any CPU
		{4DF9861D-47D7-6183-B864-02F92D49AA72}.Debug|Any CPU.Build.0 = Debug|Any CPU
		{4DF9861D-47D7-6183-B864-02F92D49AA72}.Release|Any CPU.ActiveCfg = Release|Any CPU
		{4DF9861D-47D7-6183-B864-02F92D49AA72}.Release|Any CPU.Build.0 = Release|Any CPU
		{245883DC-D7DE-0FBB-B51D-5693A75F94F5}.Debug|Any CPU.ActiveCfg = Debug|Any CPU
		{245883DC-D7DE-0FBB-B51D-5693A75F94F5}.Debug|Any CPU.Build.0 = Debug|Any CPU
		{245883DC-D7DE-0FBB-B51D-5693A75F94F5}.Release|Any CPU.ActiveCfg = Release|Any CPU
		{245883DC-D7DE-0FBB-B51D-5693A75F94F5}.Release|Any CPU.Build.0 = Release|Any CPU
		{65F8CF5A-9421-39FE-F340-25BCD99588B6}.Debug|Any CPU.ActiveCfg = Debug|Any CPU
		{65F8CF5A-9421-39FE-F340-25BCD99588B6}.Debug|Any CPU.Build.0 = Debug|Any CPU
		{65F8CF5A-9421-39FE-F340-25BCD99588B6}.Release|Any CPU.ActiveCfg = Release|Any CPU
		{65F8CF5A-9421-39FE-F340-25BCD99588B6}.Release|Any CPU.Build.0 = Release|Any CPU
		{A1D6CB63-1901-7FC6-4F9F-65E3B1112412}.Debug|Any CPU.ActiveCfg = Debug|Any CPU
		{A1D6CB63-1901-7FC6-4F9F-65E3B1112412}.Debug|Any CPU.Build.0 = Debug|Any CPU
		{A1D6CB63-1901-7FC6-4F9F-65E3B1112412}.Release|Any CPU.ActiveCfg = Release|Any CPU
		{A1D6CB63-1901-7FC6-4F9F-65E3B1112412}.Release|Any CPU.Build.0 = Release|Any CPU
		{11CD4B29-5F80-BC04-A537-073FBD6897EB}.Debug|Any CPU.ActiveCfg = Debug|Any CPU
		{11CD4B29-5F80-BC04-A537-073FBD6897EB}.Debug|Any CPU.Build.0 = Debug|Any CPU
		{11CD4B29-5F80-BC04-A537-073FBD6897EB}.Release|Any CPU.ActiveCfg = Release|Any CPU
		{11CD4B29-5F80-BC04-A537-073FBD6897EB}.Release|Any CPU.Build.0 = Release|Any CPU
		{C98A9CAC-1FD7-EA75-415F-A2833EEDCBB8}.Debug|Any CPU.ActiveCfg = Debug|Any CPU
		{C98A9CAC-1FD7-EA75-415F-A2833EEDCBB8}.Debug|Any CPU.Build.0 = Debug|Any CPU
		{C98A9CAC-1FD7-EA75-415F-A2833EEDCBB8}.Release|Any CPU.ActiveCfg = Release|Any CPU
		{C98A9CAC-1FD7-EA75-415F-A2833EEDCBB8}.Release|Any CPU.Build.0 = Release|Any CPU
		{22BEACE9-E9B9-E185-A799-D94F06F046D0}.Debug|Any CPU.ActiveCfg = Debug|Any CPU
		{22BEACE9-E9B9-E185-A799-D94F06F046D0}.Debug|Any CPU.Build.0 = Debug|Any CPU
		{22BEACE9-E9B9-E185-A799-D94F06F046D0}.Release|Any CPU.ActiveCfg = Release|Any CPU
		{22BEACE9-E9B9-E185-A799-D94F06F046D0}.Release|Any CPU.Build.0 = Release|Any CPU
		{506D70BE-C965-B28C-A529-9477BD60746F}.Debug|Any CPU.ActiveCfg = Debug|Any CPU
		{506D70BE-C965-B28C-A529-9477BD60746F}.Debug|Any CPU.Build.0 = Debug|Any CPU
		{506D70BE-C965-B28C-A529-9477BD60746F}.Release|Any CPU.ActiveCfg = Release|Any CPU
		{506D70BE-C965-B28C-A529-9477BD60746F}.Release|Any CPU.Build.0 = Release|Any CPU
		{03FF8097-2174-95C8-8089-4EC4FFBF6725}.Debug|Any CPU.ActiveCfg = Debug|Any CPU
		{03FF8097-2174-95C8-8089-4EC4FFBF6725}.Debug|Any CPU.Build.0 = Debug|Any CPU
		{03FF8097-2174-95C8-8089-4EC4FFBF6725}.Release|Any CPU.ActiveCfg = Release|Any CPU
		{03FF8097-2174-95C8-8089-4EC4FFBF6725}.Release|Any CPU.Build.0 = Release|Any CPU
		{F80FA683-4A50-94CB-206F-C871AB45D335}.Debug|Any CPU.ActiveCfg = Debug|Any CPU
		{F80FA683-4A50-94CB-206F-C871AB45D335}.Debug|Any CPU.Build.0 = Debug|Any CPU
		{F80FA683-4A50-94CB-206F-C871AB45D335}.Release|Any CPU.ActiveCfg = Release|Any CPU
		{F80FA683-4A50-94CB-206F-C871AB45D335}.Release|Any CPU.Build.0 = Release|Any CPU
		{BBB9AF8B-F226-5EA1-D91C-AF5DA3680070}.Debug|Any CPU.ActiveCfg = Debug|Any CPU
		{BBB9AF8B-F226-5EA1-D91C-AF5DA3680070}.Debug|Any CPU.Build.0 = Debug|Any CPU
		{BBB9AF8B-F226-5EA1-D91C-AF5DA3680070}.Release|Any CPU.ActiveCfg = Release|Any CPU
		{BBB9AF8B-F226-5EA1-D91C-AF5DA3680070}.Release|Any CPU.Build.0 = Release|Any CPU
		{DCD314FD-2AB5-47C6-2E9B-D36AAF1EFDBC}.Debug|Any CPU.ActiveCfg = Debug|Any CPU
		{DCD314FD-2AB5-47C6-2E9B-D36AAF1EFDBC}.Debug|Any CPU.Build.0 = Debug|Any CPU
		{DCD314FD-2AB5-47C6-2E9B-D36AAF1EFDBC}.Release|Any CPU.ActiveCfg = Release|Any CPU
		{DCD314FD-2AB5-47C6-2E9B-D36AAF1EFDBC}.Release|Any CPU.Build.0 = Release|Any CPU
		{7DE643C2-6EDA-F65D-74CE-B2222BFDD92D}.Debug|Any CPU.ActiveCfg = Debug|Any CPU
		{7DE643C2-6EDA-F65D-74CE-B2222BFDD92D}.Debug|Any CPU.Build.0 = Debug|Any CPU
		{7DE643C2-6EDA-F65D-74CE-B2222BFDD92D}.Release|Any CPU.ActiveCfg = Release|Any CPU
		{7DE643C2-6EDA-F65D-74CE-B2222BFDD92D}.Release|Any CPU.Build.0 = Release|Any CPU
		{FD71F142-54DE-21AD-5104-31D5FAED3B68}.Debug|Any CPU.ActiveCfg = Debug|Any CPU
		{FD71F142-54DE-21AD-5104-31D5FAED3B68}.Debug|Any CPU.Build.0 = Debug|Any CPU
		{FD71F142-54DE-21AD-5104-31D5FAED3B68}.Release|Any CPU.ActiveCfg = Release|Any CPU
		{FD71F142-54DE-21AD-5104-31D5FAED3B68}.Release|Any CPU.Build.0 = Release|Any CPU
		{0B303CCD-F3D8-B307-23B7-36234509646B}.Debug|Any CPU.ActiveCfg = Debug|Any CPU
		{0B303CCD-F3D8-B307-23B7-36234509646B}.Debug|Any CPU.Build.0 = Debug|Any CPU
		{0B303CCD-F3D8-B307-23B7-36234509646B}.Release|Any CPU.ActiveCfg = Release|Any CPU
		{0B303CCD-F3D8-B307-23B7-36234509646B}.Release|Any CPU.Build.0 = Release|Any CPU
		{CD1155DD-732F-A8BD-1A09-4EF9385F0101}.Debug|Any CPU.ActiveCfg = Debug|Any CPU
		{CD1155DD-732F-A8BD-1A09-4EF9385F0101}.Debug|Any CPU.Build.0 = Debug|Any CPU
		{CD1155DD-732F-A8BD-1A09-4EF9385F0101}.Release|Any CPU.ActiveCfg = Release|Any CPU
		{CD1155DD-732F-A8BD-1A09-4EF9385F0101}.Release|Any CPU.Build.0 = Release|Any CPU
		{C49AC614-1E01-1551-B96D-1CA90EB8CE26}.Debug|Any CPU.ActiveCfg = Debug|Any CPU
		{C49AC614-1E01-1551-B96D-1CA90EB8CE26}.Debug|Any CPU.Build.0 = Debug|Any CPU
		{C49AC614-1E01-1551-B96D-1CA90EB8CE26}.Release|Any CPU.ActiveCfg = Release|Any CPU
		{C49AC614-1E01-1551-B96D-1CA90EB8CE26}.Release|Any CPU.Build.0 = Release|Any CPU
		{DF41A2DD-4657-3B30-F06C-C3A4649E4385}.Debug|Any CPU.ActiveCfg = Debug|Any CPU
		{DF41A2DD-4657-3B30-F06C-C3A4649E4385}.Debug|Any CPU.Build.0 = Debug|Any CPU
		{DF41A2DD-4657-3B30-F06C-C3A4649E4385}.Release|Any CPU.ActiveCfg = Release|Any CPU
		{DF41A2DD-4657-3B30-F06C-C3A4649E4385}.Release|Any CPU.Build.0 = Release|Any CPU
		{38D68C49-D94D-23F7-603C-7A97360477BF}.Debug|Any CPU.ActiveCfg = Debug|Any CPU
		{38D68C49-D94D-23F7-603C-7A97360477BF}.Debug|Any CPU.Build.0 = Debug|Any CPU
		{38D68C49-D94D-23F7-603C-7A97360477BF}.Release|Any CPU.ActiveCfg = Release|Any CPU
		{38D68C49-D94D-23F7-603C-7A97360477BF}.Release|Any CPU.Build.0 = Release|Any CPU
		{996056A6-55F7-6B7D-933D-F96FF0543F7C}.Debug|Any CPU.ActiveCfg = Debug|Any CPU
		{996056A6-55F7-6B7D-933D-F96FF0543F7C}.Debug|Any CPU.Build.0 = Debug|Any CPU
		{996056A6-55F7-6B7D-933D-F96FF0543F7C}.Release|Any CPU.ActiveCfg = Release|Any CPU
		{996056A6-55F7-6B7D-933D-F96FF0543F7C}.Release|Any CPU.Build.0 = Release|Any CPU
		{2156FBE6-64E0-3B8E-A876-3AD8F1331E4F}.Debug|Any CPU.ActiveCfg = Debug|Any CPU
		{2156FBE6-64E0-3B8E-A876-3AD8F1331E4F}.Debug|Any CPU.Build.0 = Debug|Any CPU
		{2156FBE6-64E0-3B8E-A876-3AD8F1331E4F}.Release|Any CPU.ActiveCfg = Release|Any CPU
		{2156FBE6-64E0-3B8E-A876-3AD8F1331E4F}.Release|Any CPU.Build.0 = Release|Any CPU
		{35957F64-794E-1BD7-D932-894C32C90446}.Debug|Any CPU.ActiveCfg = Debug|Any CPU
		{35957F64-794E-1BD7-D932-894C32C90446}.Debug|Any CPU.Build.0 = Debug|Any CPU
		{35957F64-794E-1BD7-D932-894C32C90446}.Release|Any CPU.ActiveCfg = Release|Any CPU
		{35957F64-794E-1BD7-D932-894C32C90446}.Release|Any CPU.Build.0 = Release|Any CPU
		{368E4955-AC20-000D-3CF7-10C0D7DF44ED}.Debug|Any CPU.ActiveCfg = Debug|Any CPU
		{368E4955-AC20-000D-3CF7-10C0D7DF44ED}.Debug|Any CPU.Build.0 = Debug|Any CPU
		{368E4955-AC20-000D-3CF7-10C0D7DF44ED}.Release|Any CPU.ActiveCfg = Release|Any CPU
		{368E4955-AC20-000D-3CF7-10C0D7DF44ED}.Release|Any CPU.Build.0 = Release|Any CPU
		{056C8C1F-8772-41F3-29F7-16A4C24696EF}.Debug|Any CPU.ActiveCfg = Debug|Any CPU
		{056C8C1F-8772-41F3-29F7-16A4C24696EF}.Debug|Any CPU.Build.0 = Debug|Any CPU
		{056C8C1F-8772-41F3-29F7-16A4C24696EF}.Release|Any CPU.ActiveCfg = Release|Any CPU
		{056C8C1F-8772-41F3-29F7-16A4C24696EF}.Release|Any CPU.Build.0 = Release|Any CPU
		{8459E18A-D705-C537-6972-055C75CDF11F}.Debug|Any CPU.ActiveCfg = Debug|Any CPU
		{8459E18A-D705-C537-6972-055C75CDF11F}.Debug|Any CPU.Build.0 = Debug|Any CPU
		{8459E18A-D705-C537-6972-055C75CDF11F}.Release|Any CPU.ActiveCfg = Release|Any CPU
		{8459E18A-D705-C537-6972-055C75CDF11F}.Release|Any CPU.Build.0 = Release|Any CPU
		{641A245E-7E4E-5D49-0464-B9B2B8F75326}.Debug|Any CPU.ActiveCfg = Debug|Any CPU
		{641A245E-7E4E-5D49-0464-B9B2B8F75326}.Debug|Any CPU.Build.0 = Debug|Any CPU
		{641A245E-7E4E-5D49-0464-B9B2B8F75326}.Release|Any CPU.ActiveCfg = Release|Any CPU
		{641A245E-7E4E-5D49-0464-B9B2B8F75326}.Release|Any CPU.Build.0 = Release|Any CPU
		{AD5B0F14-1669-2F60-E6FE-30D1F7D16AE5}.Debug|Any CPU.ActiveCfg = Debug|Any CPU
		{AD5B0F14-1669-2F60-E6FE-30D1F7D16AE5}.Debug|Any CPU.Build.0 = Debug|Any CPU
		{AD5B0F14-1669-2F60-E6FE-30D1F7D16AE5}.Release|Any CPU.ActiveCfg = Release|Any CPU
		{AD5B0F14-1669-2F60-E6FE-30D1F7D16AE5}.Release|Any CPU.Build.0 = Release|Any CPU
		{19B937D9-D683-281C-E92C-A674C94AF539}.Debug|Any CPU.ActiveCfg = Debug|Any CPU
		{19B937D9-D683-281C-E92C-A674C94AF539}.Debug|Any CPU.Build.0 = Debug|Any CPU
		{19B937D9-D683-281C-E92C-A674C94AF539}.Release|Any CPU.ActiveCfg = Release|Any CPU
		{19B937D9-D683-281C-E92C-A674C94AF539}.Release|Any CPU.Build.0 = Release|Any CPU
		{CFD514D7-0EBF-A4F4-E183-7A316C7291AC}.Debug|Any CPU.ActiveCfg = Debug|Any CPU
		{CFD514D7-0EBF-A4F4-E183-7A316C7291AC}.Debug|Any CPU.Build.0 = Debug|Any CPU
		{CFD514D7-0EBF-A4F4-E183-7A316C7291AC}.Release|Any CPU.ActiveCfg = Release|Any CPU
		{CFD514D7-0EBF-A4F4-E183-7A316C7291AC}.Release|Any CPU.Build.0 = Release|Any CPU
		{D3284E47-CB0B-D6F6-95A5-F45BE8E60EE6}.Debug|Any CPU.ActiveCfg = Debug|Any CPU
		{D3284E47-CB0B-D6F6-95A5-F45BE8E60EE6}.Debug|Any CPU.Build.0 = Debug|Any CPU
		{D3284E47-CB0B-D6F6-95A5-F45BE8E60EE6}.Release|Any CPU.ActiveCfg = Release|Any CPU
		{D3284E47-CB0B-D6F6-95A5-F45BE8E60EE6}.Release|Any CPU.Build.0 = Release|Any CPU
		{3DBF9518-6E1B-5E85-5494-5136BA3DAA6E}.Debug|Any CPU.ActiveCfg = Debug|Any CPU
		{3DBF9518-6E1B-5E85-5494-5136BA3DAA6E}.Debug|Any CPU.Build.0 = Debug|Any CPU
		{3DBF9518-6E1B-5E85-5494-5136BA3DAA6E}.Release|Any CPU.ActiveCfg = Release|Any CPU
		{3DBF9518-6E1B-5E85-5494-5136BA3DAA6E}.Release|Any CPU.Build.0 = Release|Any CPU
		{0237E295-3A1A-DEAC-A36E-EC07B7C99E86}.Debug|Any CPU.ActiveCfg = Debug|Any CPU
		{0237E295-3A1A-DEAC-A36E-EC07B7C99E86}.Debug|Any CPU.Build.0 = Debug|Any CPU
		{0237E295-3A1A-DEAC-A36E-EC07B7C99E86}.Release|Any CPU.ActiveCfg = Release|Any CPU
		{0237E295-3A1A-DEAC-A36E-EC07B7C99E86}.Release|Any CPU.Build.0 = Release|Any CPU
		{E030620F-3CF6-7B7B-FC41-B41072EC6E1A}.Debug|Any CPU.ActiveCfg = Debug|Any CPU
		{E030620F-3CF6-7B7B-FC41-B41072EC6E1A}.Debug|Any CPU.Build.0 = Debug|Any CPU
		{E030620F-3CF6-7B7B-FC41-B41072EC6E1A}.Release|Any CPU.ActiveCfg = Release|Any CPU
		{E030620F-3CF6-7B7B-FC41-B41072EC6E1A}.Release|Any CPU.Build.0 = Release|Any CPU
		{6438D809-6894-C624-4D9E-190147EDBE4E}.Debug|Any CPU.ActiveCfg = Debug|Any CPU
		{6438D809-6894-C624-4D9E-190147EDBE4E}.Debug|Any CPU.Build.0 = Debug|Any CPU
		{6438D809-6894-C624-4D9E-190147EDBE4E}.Release|Any CPU.ActiveCfg = Release|Any CPU
		{6438D809-6894-C624-4D9E-190147EDBE4E}.Release|Any CPU.Build.0 = Release|Any CPU
		{58AD216C-9E37-A997-71C9-82BB68C67747}.Debug|Any CPU.ActiveCfg = Debug|Any CPU
		{58AD216C-9E37-A997-71C9-82BB68C67747}.Debug|Any CPU.Build.0 = Debug|Any CPU
		{58AD216C-9E37-A997-71C9-82BB68C67747}.Release|Any CPU.ActiveCfg = Release|Any CPU
		{58AD216C-9E37-A997-71C9-82BB68C67747}.Release|Any CPU.Build.0 = Release|Any CPU
		{00EDC8A1-BFE2-C2D9-89A2-7AF1CC232575}.Debug|Any CPU.ActiveCfg = Debug|Any CPU
		{00EDC8A1-BFE2-C2D9-89A2-7AF1CC232575}.Debug|Any CPU.Build.0 = Debug|Any CPU
		{00EDC8A1-BFE2-C2D9-89A2-7AF1CC232575}.Release|Any CPU.ActiveCfg = Release|Any CPU
		{00EDC8A1-BFE2-C2D9-89A2-7AF1CC232575}.Release|Any CPU.Build.0 = Release|Any CPU
		{DE0539FE-7A9F-C5C5-C86E-630D9E710F16}.Debug|Any CPU.ActiveCfg = Debug|Any CPU
		{DE0539FE-7A9F-C5C5-C86E-630D9E710F16}.Debug|Any CPU.Build.0 = Debug|Any CPU
		{DE0539FE-7A9F-C5C5-C86E-630D9E710F16}.Release|Any CPU.ActiveCfg = Release|Any CPU
		{DE0539FE-7A9F-C5C5-C86E-630D9E710F16}.Release|Any CPU.Build.0 = Release|Any CPU
		{A068B05E-15A2-D294-A504-510753D7BD3A}.Debug|Any CPU.ActiveCfg = Debug|Any CPU
		{A068B05E-15A2-D294-A504-510753D7BD3A}.Debug|Any CPU.Build.0 = Debug|Any CPU
		{A068B05E-15A2-D294-A504-510753D7BD3A}.Release|Any CPU.ActiveCfg = Release|Any CPU
		{A068B05E-15A2-D294-A504-510753D7BD3A}.Release|Any CPU.Build.0 = Release|Any CPU
		{C7714582-087A-5E01-7B04-CE14BDED98CA}.Debug|Any CPU.ActiveCfg = Debug|Any CPU
		{C7714582-087A-5E01-7B04-CE14BDED98CA}.Debug|Any CPU.Build.0 = Debug|Any CPU
		{C7714582-087A-5E01-7B04-CE14BDED98CA}.Release|Any CPU.ActiveCfg = Release|Any CPU
		{C7714582-087A-5E01-7B04-CE14BDED98CA}.Release|Any CPU.Build.0 = Release|Any CPU
		{6597FCB6-EF02-E423-B064-457C1390191A}.Debug|Any CPU.ActiveCfg = Debug|Any CPU
		{6597FCB6-EF02-E423-B064-457C1390191A}.Debug|Any CPU.Build.0 = Debug|Any CPU
		{6597FCB6-EF02-E423-B064-457C1390191A}.Release|Any CPU.ActiveCfg = Release|Any CPU
		{6597FCB6-EF02-E423-B064-457C1390191A}.Release|Any CPU.Build.0 = Release|Any CPU
		{1A632FD7-D8AD-BD19-9187-96605966EAAD}.Debug|Any CPU.ActiveCfg = Debug|Any CPU
		{1A632FD7-D8AD-BD19-9187-96605966EAAD}.Debug|Any CPU.Build.0 = Debug|Any CPU
		{1A632FD7-D8AD-BD19-9187-96605966EAAD}.Release|Any CPU.ActiveCfg = Release|Any CPU
		{1A632FD7-D8AD-BD19-9187-96605966EAAD}.Release|Any CPU.Build.0 = Release|Any CPU
		{B60E360E-1478-BFBD-7C36-63DEF9CB34E1}.Debug|Any CPU.ActiveCfg = Debug|Any CPU
		{B60E360E-1478-BFBD-7C36-63DEF9CB34E1}.Debug|Any CPU.Build.0 = Debug|Any CPU
		{B60E360E-1478-BFBD-7C36-63DEF9CB34E1}.Release|Any CPU.ActiveCfg = Release|Any CPU
		{B60E360E-1478-BFBD-7C36-63DEF9CB34E1}.Release|Any CPU.Build.0 = Release|Any CPU
		{4BA3D541-51FC-96C6-E5D0-901A5CB0D5CC}.Debug|Any CPU.ActiveCfg = Debug|Any CPU
		{4BA3D541-51FC-96C6-E5D0-901A5CB0D5CC}.Debug|Any CPU.Build.0 = Debug|Any CPU
		{4BA3D541-51FC-96C6-E5D0-901A5CB0D5CC}.Release|Any CPU.ActiveCfg = Release|Any CPU
		{4BA3D541-51FC-96C6-E5D0-901A5CB0D5CC}.Release|Any CPU.Build.0 = Release|Any CPU
		{622C0F63-F34B-81F5-8932-398D6FEB3CFA}.Debug|Any CPU.ActiveCfg = Debug|Any CPU
		{622C0F63-F34B-81F5-8932-398D6FEB3CFA}.Debug|Any CPU.Build.0 = Debug|Any CPU
		{622C0F63-F34B-81F5-8932-398D6FEB3CFA}.Release|Any CPU.ActiveCfg = Release|Any CPU
		{622C0F63-F34B-81F5-8932-398D6FEB3CFA}.Release|Any CPU.Build.0 = Release|Any CPU
		{FE0F160F-A00D-13EE-87EC-BB97E8624E3E}.Debug|Any CPU.ActiveCfg = Debug|Any CPU
		{FE0F160F-A00D-13EE-87EC-BB97E8624E3E}.Debug|Any CPU.Build.0 = Debug|Any CPU
		{FE0F160F-A00D-13EE-87EC-BB97E8624E3E}.Release|Any CPU.ActiveCfg = Release|Any CPU
		{FE0F160F-A00D-13EE-87EC-BB97E8624E3E}.Release|Any CPU.Build.0 = Release|Any CPU
	EndGlobalSection
	GlobalSection(SolutionProperties) = preSolution
		HideSolutionNode = FALSE
	EndGlobalSection
EndGlobal
